
Microsoft Visual Studio Solution File, Format Version 12.00
# Visual Studio 2012
Project("{FAE04EC0-301F-11D3-BF4B-00C04F79EFBC}") = "Disorganizer", "Disorganizer\Disorganizer.csproj", "{B2B474FB-DBFC-4A4F-8F79-0E5AA407400C}"
EndProject
Global
	GlobalSection(SolutionConfigurationPlatforms) = preSolution
		Debug|Any CPU = Debug|Any CPU
		Release|Any CPU = Release|Any CPU
	EndGlobalSection
	GlobalSection(ProjectConfigurationPlatforms) = postSolution
		{B2B474FB-DBFC-4A4F-8F79-0E5AA407400C}.Debug|Any CPU.ActiveCfg = Debug|Any CPU
		{B2B474FB-DBFC-4A4F-8F79-0E5AA407400C}.Debug|Any CPU.Build.0 = Debug|Any CPU
		{B2B474FB-DBFC-4A4F-8F79-0E5AA407400C}.Release|Any CPU.ActiveCfg = Release|Any CPU
		{B2B474FB-DBFC-4A4F-8F79-0E5AA407400C}.Release|Any CPU.Build.0 = Release|Any CPU
	EndGlobalSection
	GlobalSection(SolutionProperties) = preSolution
		HideSolutionNode = FALSE
	EndGlobalSection
EndGlobal
